// !$*UTF8*$!
{
	archiveVersion = 1;
	classes = {
	};
	objectVersion = 46;
	objects = {

/* Begin PBXBuildFile section */
		58E0C2391A84F5A300C5114D /* AppDelegate.swift in Sources */ = {isa = PBXBuildFile; fileRef = 58E0C2381A84F5A300C5114D /* AppDelegate.swift */; };
		58E0C23B1A84F5A300C5114D /* ViewController.swift in Sources */ = {isa = PBXBuildFile; fileRef = 58E0C23A1A84F5A300C5114D /* ViewController.swift */; };
		58E0C23E1A84F5A300C5114D /* Main.storyboard in Resources */ = {isa = PBXBuildFile; fileRef = 58E0C23C1A84F5A300C5114D /* Main.storyboard */; };
		58E0C2401A84F5A300C5114D /* Images.xcassets in Resources */ = {isa = PBXBuildFile; fileRef = 58E0C23F1A84F5A300C5114D /* Images.xcassets */; };
		58E0C2431A84F5A300C5114D /* LaunchScreen.xib in Resources */ = {isa = PBXBuildFile; fileRef = 58E0C2411A84F5A300C5114D /* LaunchScreen.xib */; };
		58E0C24F1A84F5A300C5114D /* UNATCappTests.swift in Sources */ = {isa = PBXBuildFile; fileRef = 58E0C24E1A84F5A300C5114D /* UNATCappTests.swift */; };
/* End PBXBuildFile section */

/* Begin PBXContainerItemProxy section */
		58E0C2491A84F5A300C5114D /* PBXContainerItemProxy */ = {
			isa = PBXContainerItemProxy;
			containerPortal = 58E0C22B1A84F5A300C5114D /* Project object */;
			proxyType = 1;
			remoteGlobalIDString = 58E0C2321A84F5A300C5114D;
			remoteInfo = UNATCapp;
		};
/* End PBXContainerItemProxy section */

/* Begin PBXFileReference section */
		58E0C2331A84F5A300C5114D /* UNATCapp.app */ = {isa = PBXFileReference; explicitFileType = wrapper.application; includeInIndex = 0; path = UNATCapp.app; sourceTree = BUILT_PRODUCTS_DIR; };
		58E0C2371A84F5A300C5114D /* Info.plist */ = {isa = PBXFileReference; lastKnownFileType = text.plist.xml; path = Info.plist; sourceTree = "<group>"; };
		58E0C2381A84F5A300C5114D /* AppDelegate.swift */ = {isa = PBXFileReference; lastKnownFileType = sourcecode.swift; path = AppDelegate.swift; sourceTree = "<group>"; };
		58E0C23A1A84F5A300C5114D /* ViewController.swift */ = {isa = PBXFileReference; lastKnownFileType = sourcecode.swift; path = ViewController.swift; sourceTree = "<group>"; };
		58E0C23D1A84F5A300C5114D /* Base */ = {isa = PBXFileReference; lastKnownFileType = file.storyboard; name = Base; path = Base.lproj/Main.storyboard; sourceTree = "<group>"; };
		58E0C23F1A84F5A300C5114D /* Images.xcassets */ = {isa = PBXFileReference; lastKnownFileType = folder.assetcatalog; path = Images.xcassets; sourceTree = "<group>"; };
		58E0C2421A84F5A300C5114D /* Base */ = {isa = PBXFileReference; lastKnownFileType = file.xib; name = Base; path = Base.lproj/LaunchScreen.xib; sourceTree = "<group>"; };
		58E0C2481A84F5A300C5114D /* UNATCappTests.xctest */ = {isa = PBXFileReference; explicitFileType = wrapper.cfbundle; includeInIndex = 0; path = UNATCappTests.xctest; sourceTree = BUILT_PRODUCTS_DIR; };
		58E0C24D1A84F5A300C5114D /* Info.plist */ = {isa = PBXFileReference; lastKnownFileType = text.plist.xml; path = Info.plist; sourceTree = "<group>"; };
		58E0C24E1A84F5A300C5114D /* UNATCappTests.swift */ = {isa = PBXFileReference; lastKnownFileType = sourcecode.swift; path = UNATCappTests.swift; sourceTree = "<group>"; };
/* End PBXFileReference section */

/* Begin PBXFrameworksBuildPhase section */
		58E0C2301A84F5A300C5114D /* Frameworks */ = {
			isa = PBXFrameworksBuildPhase;
			buildActionMask = 2147483647;
			files = (
			);
			runOnlyForDeploymentPostprocessing = 0;
		};
		58E0C2451A84F5A300C5114D /* Frameworks */ = {
			isa = PBXFrameworksBuildPhase;
			buildActionMask = 2147483647;
			files = (
			);
			runOnlyForDeploymentPostprocessing = 0;
		};
/* End PBXFrameworksBuildPhase section */

/* Begin PBXGroup section */
		58E0C22A1A84F5A300C5114D = {
			isa = PBXGroup;
			children = (
				58E0C2351A84F5A300C5114D /* UNATCapp */,
				58E0C24B1A84F5A300C5114D /* UNATCappTests */,
				58E0C2341A84F5A300C5114D /* Products */,
			);
			sourceTree = "<group>";
		};
		58E0C2341A84F5A300C5114D /* Products */ = {
			isa = PBXGroup;
			children = (
				58E0C2331A84F5A300C5114D /* UNATCapp.app */,
				58E0C2481A84F5A300C5114D /* UNATCappTests.xctest */,
			);
			name = Products;
			sourceTree = "<group>";
		};
		58E0C2351A84F5A300C5114D /* UNATCapp */ = {
			isa = PBXGroup;
			children = (
				58E0C2381A84F5A300C5114D /* AppDelegate.swift */,
				58E0C23A1A84F5A300C5114D /* ViewController.swift */,
				58E0C23C1A84F5A300C5114D /* Main.storyboard */,
				58E0C23F1A84F5A300C5114D /* Images.xcassets */,
				58E0C2411A84F5A300C5114D /* LaunchScreen.xib */,
				58E0C2361A84F5A300C5114D /* Supporting Files */,
			);
			path = UNATCapp;
			sourceTree = "<group>";
		};
		58E0C2361A84F5A300C5114D /* Supporting Files */ = {
			isa = PBXGroup;
			children = (
				58E0C2371A84F5A300C5114D /* Info.plist */,
			);
			name = "Supporting Files";
			sourceTree = "<group>";
		};
		58E0C24B1A84F5A300C5114D /* UNATCappTests */ = {
			isa = PBXGroup;
			children = (
				58E0C24E1A84F5A300C5114D /* UNATCappTests.swift */,
				58E0C24C1A84F5A300C5114D /* Supporting Files */,
			);
			path = UNATCappTests;
			sourceTree = "<group>";
		};
		58E0C24C1A84F5A300C5114D /* Supporting Files */ = {
			isa = PBXGroup;
			children = (
				58E0C24D1A84F5A300C5114D /* Info.plist */,
			);
			name = "Supporting Files";
			sourceTree = "<group>";
		};
/* End PBXGroup section */

/* Begin PBXNativeTarget section */
		58E0C2321A84F5A300C5114D /* UNATCapp */ = {
			isa = PBXNativeTarget;
			buildConfigurationList = 58E0C2521A84F5A300C5114D /* Build configuration list for PBXNativeTarget "UNATCapp" */;
			buildPhases = (
				58E0C22F1A84F5A300C5114D /* Sources */,
				58E0C2301A84F5A300C5114D /* Frameworks */,
				58E0C2311A84F5A300C5114D /* Resources */,
			);
			buildRules = (
			);
			dependencies = (
			);
			name = UNATCapp;
			productName = UNATCapp;
			productReference = 58E0C2331A84F5A300C5114D /* UNATCapp.app */;
			productType = "com.apple.product-type.application";
		};
		58E0C2471A84F5A300C5114D /* UNATCappTests */ = {
			isa = PBXNativeTarget;
			buildConfigurationList = 58E0C2551A84F5A300C5114D /* Build configuration list for PBXNativeTarget "UNATCappTests" */;
			buildPhases = (
				58E0C2441A84F5A300C5114D /* Sources */,
				58E0C2451A84F5A300C5114D /* Frameworks */,
				58E0C2461A84F5A300C5114D /* Resources */,
			);
			buildRules = (
			);
			dependencies = (
				58E0C24A1A84F5A300C5114D /* PBXTargetDependency */,
			);
			name = UNATCappTests;
			productName = UNATCappTests;
			productReference = 58E0C2481A84F5A300C5114D /* UNATCappTests.xctest */;
			productType = "com.apple.product-type.bundle.unit-test";
		};
/* End PBXNativeTarget section */

/* Begin PBXProject section */
		58E0C22B1A84F5A300C5114D /* Project object */ = {
			isa = PBXProject;
			attributes = {
				LastUpgradeCheck = 0610;
				ORGANIZATIONNAME = "Andrei Antal";
				TargetAttributes = {
					58E0C2321A84F5A300C5114D = {
						CreatedOnToolsVersion = 6.1.1;
					};
					58E0C2471A84F5A300C5114D = {
						CreatedOnToolsVersion = 6.1.1;
						TestTargetID = 58E0C2321A84F5A300C5114D;
					};
				};
			};
			buildConfigurationList = 58E0C22E1A84F5A300C5114D /* Build configuration list for PBXProject "UNATCapp" */;
			compatibilityVersion = "Xcode 3.2";
			developmentRegion = English;
			hasScannedForEncodings = 0;
			knownRegions = (
				en,
				Base,
			);
			mainGroup = 58E0C22A1A84F5A300C5114D;
			productRefGroup = 58E0C2341A84F5A300C5114D /* Products */;
			projectDirPath = "";
			projectRoot = "";
			targets = (
				58E0C2321A84F5A300C5114D /* UNATCapp */,
				58E0C2471A84F5A300C5114D /* UNATCappTests */,
			);
		};
/* End PBXProject section */

/* Begin PBXResourcesBuildPhase section */
		58E0C2311A84F5A300C5114D /* Resources */ = {
			isa = PBXResourcesBuildPhase;
			buildActionMask = 2147483647;
			files = (
				58E0C23E1A84F5A300C5114D /* Main.storyboard in Resources */,
				58E0C2431A84F5A300C5114D /* LaunchScreen.xib in Resources */,
				58E0C2401A84F5A300C5114D /* Images.xcassets in Resources */,
			);
			runOnlyForDeploymentPostprocessing = 0;
		};
		58E0C2461A84F5A300C5114D /* Resources */ = {
			isa = PBXResourcesBuildPhase;
			buildActionMask = 2147483647;
			files = (
			);
			runOnlyForDeploymentPostprocessing = 0;
		};
/* End PBXResourcesBuildPhase section */

/* Begin PBXSourcesBuildPhase section */
		58E0C22F1A84F5A300C5114D /* Sources */ = {
			isa = PBXSourcesBuildPhase;
			buildActionMask = 2147483647;
			files = (
				58E0C23B1A84F5A300C5114D /* ViewController.swift in Sources */,
				58E0C2391A84F5A300C5114D /* AppDelegate.swift in Sources */,
			);
			runOnlyForDeploymentPostprocessing = 0;
		};
		58E0C2441A84F5A300C5114D /* Sources */ = {
			isa = PBXSourcesBuildPhase;
			buildActionMask = 2147483647;
			files = (
				58E0C24F1A84F5A300C5114D /* UNATCappTests.swift in Sources */,
			);
			runOnlyForDeploymentPostprocessing = 0;
		};
/* End PBXSourcesBuildPhase section */

/* Begin PBXTargetDependency section */
		58E0C24A1A84F5A300C5114D /* PBXTargetDependency */ = {
			isa = PBXTargetDependency;
			target = 58E0C2321A84F5A300C5114D /* UNATCapp */;
			targetProxy = 58E0C2491A84F5A300C5114D /* PBXContainerItemProxy */;
		};
/* End PBXTargetDependency section */

/* Begin PBXVariantGroup section */
		58E0C23C1A84F5A300C5114D /* Main.storyboard */ = {
			isa = PBXVariantGroup;
			children = (
				58E0C23D1A84F5A300C5114D /* Base */,
			);
			name = Main.storyboard;
			sourceTree = "<group>";
		};
		58E0C2411A84F5A300C5114D /* LaunchScreen.xib */ = {
			isa = PBXVariantGroup;
			children = (
				58E0C2421A84F5A300C5114D /* Base */,
			);
			name = LaunchScreen.xib;
			sourceTree = "<group>";
		};
/* End PBXVariantGroup section */

/* Begin XCBuildConfiguration section */
		58E0C2501A84F5A300C5114D /* Debug */ = {
			isa = XCBuildConfiguration;
			buildSettings = {
				ALWAYS_SEARCH_USER_PATHS = NO;
				CLANG_CXX_LANGUAGE_STANDARD = "gnu++0x";
				CLANG_CXX_LIBRARY = "libc++";
				CLANG_ENABLE_MODULES = YES;
				CLANG_ENABLE_OBJC_ARC = YES;
				CLANG_WARN_BOOL_CONVERSION = YES;
				CLANG_WARN_CONSTANT_CONVERSION = YES;
				CLANG_WARN_DIRECT_OBJC_ISA_USAGE = YES_ERROR;
				CLANG_WARN_EMPTY_BODY = YES;
				CLANG_WARN_ENUM_CONVERSION = YES;
				CLANG_WARN_INT_CONVERSION = YES;
				CLANG_WARN_OBJC_ROOT_CLASS = YES_ERROR;
				CLANG_WARN_UNREACHABLE_CODE = YES;
				CLANG_WARN__DUPLICATE_METHOD_MATCH = YES;
				"CODE_SIGN_IDENTITY[sdk=iphoneos*]" = "iPhone Developer";
				COPY_PHASE_STRIP = NO;
				ENABLE_STRICT_OBJC_MSGSEND = YES;
				GCC_C_LANGUAGE_STANDARD = gnu99;
				GCC_DYNAMIC_NO_PIC = NO;
				GCC_OPTIMIZATION_LEVEL = 0;
				GCC_PREPROCESSOR_DEFINITIONS = (
					"DEBUG=1",
					"$(inherited)",
				);
				GCC_SYMBOLS_PRIVATE_EXTERN = NO;
				GCC_WARN_64_TO_32_BIT_CONVERSION = YES;
				GCC_WARN_ABOUT_RETURN_TYPE = YES_ERROR;
				GCC_WARN_UNDECLARED_SELECTOR = YES;
				GCC_WARN_UNINITIALIZED_AUTOS = YES_AGGRESSIVE;
				GCC_WARN_UNUSED_FUNCTION = YES;
				GCC_WARN_UNUSED_VARIABLE = YES;
				IPHONEOS_DEPLOYMENT_TARGET = 8.1;
				MTL_ENABLE_DEBUG_INFO = YES;
				ONLY_ACTIVE_ARCH = YES;
				SDKROOT = iphoneos;
				SWIFT_OPTIMIZATION_LEVEL = "-Onone";
			};
			name = Debug;
		};
		58E0C2511A84F5A300C5114D /* Release */ = {
			isa = XCBuildConfiguration;
			buildSettings = {
				ALWAYS_SEARCH_USER_PATHS = NO;
				CLANG_CXX_LANGUAGE_STANDARD = "gnu++0x";
				CLANG_CXX_LIBRARY = "libc++";
				CLANG_ENABLE_MODULES = YES;
				CLANG_ENABLE_OBJC_ARC = YES;
				CLANG_WARN_BOOL_CONVERSION = YES;
				CLANG_WARN_CONSTANT_CONVERSION = YES;
				CLANG_WARN_DIRECT_OBJC_ISA_USAGE = YES_ERROR;
				CLANG_WARN_EMPTY_BODY = YES;
				CLANG_WARN_ENUM_CONVERSION = YES;
				CLANG_WARN_INT_CONVERSION = YES;
				CLANG_WARN_OBJC_ROOT_CLASS = YES_ERROR;
				CLANG_WARN_UNREACHABLE_CODE = YES;
				CLANG_WARN__DUPLICATE_METHOD_MATCH = YES;
				"CODE_SIGN_IDENTITY[sdk=iphoneos*]" = "iPhone Developer";
				COPY_PHASE_STRIP = YES;
				ENABLE_NS_ASSERTIONS = NO;
				ENABLE_STRICT_OBJC_MSGSEND = YES;
				GCC_C_LANGUAGE_STANDARD = gnu99;
				GCC_WARN_64_TO_32_BIT_CONVERSION = YES;
				GCC_WARN_ABOUT_RETURN_TYPE = YES_ERROR;
				GCC_WARN_UNDECLARED_SELECTOR = YES;
				GCC_WARN_UNINITIALIZED_AUTOS = YES_AGGRESSIVE;
				GCC_WARN_UNUSED_FUNCTION = YES;
				GCC_WARN_UNUSED_VARIABLE = YES;
				IPHONEOS_DEPLOYMENT_TARGET = 8.1;
				MTL_ENABLE_DEBUG_INFO = NO;
				SDKROOT = iphoneos;
				VALIDATE_PRODUCT = YES;
			};
			name = Release;
		};
		58E0C2531A84F5A300C5114D /* Debug */ = {
			isa = XCBuildConfiguration;
			buildSettings = {
				ASSETCATALOG_COMPILER_APPICON_NAME = AppIcon;
				INFOPLIST_FILE = UNATCapp/Info.plist;
				IPHONEOS_DEPLOYMENT_TARGET = 8.1;
				LD_RUNPATH_SEARCH_PATHS = "$(inherited) @executable_path/Frameworks";
				PRODUCT_NAME = "$(TARGET_NAME)";
			};
			name = Debug;
		};
		58E0C2541A84F5A300C5114D /* Release */ = {
			isa = XCBuildConfiguration;
			buildSettings = {
				ASSETCATALOG_COMPILER_APPICON_NAME = AppIcon;
				INFOPLIST_FILE = UNATCapp/Info.plist;
				IPHONEOS_DEPLOYMENT_TARGET = 8.1;
				LD_RUNPATH_SEARCH_PATHS = "$(inherited) @executable_path/Frameworks";
				PRODUCT_NAME = "$(TARGET_NAME)";
			};
			name = Release;
		};
		58E0C2561A84F5A300C5114D /* Debug */ = {
			isa = XCBuildConfiguration;
			buildSettings = {
				BUNDLE_LOADER = "$(TEST_HOST)";
				FRAMEWORK_SEARCH_PATHS = (
					"$(SDKROOT)/Developer/Library/Frameworks",
					"$(inherited)",
				);
				GCC_PREPROCESSOR_DEFINITIONS = (
					"DEBUG=1",
					"$(inherited)",
				);
				INFOPLIST_FILE = UNATCappTests/Info.plist;
				LD_RUNPATH_SEARCH_PATHS = "$(inherited) @executable_path/Frameworks @loader_path/Frameworks";
				PRODUCT_NAME = "$(TARGET_NAME)";
				TEST_HOST = "$(BUILT_PRODUCTS_DIR)/UNATCapp.app/UNATCapp";
			};
			name = Debug;
		};
		58E0C2571A84F5A300C5114D /* Release */ = {
			isa = XCBuildConfiguration;
			buildSettings = {
				BUNDLE_LOADER = "$(TEST_HOST)";
				FRAMEWORK_SEARCH_PATHS = (
					"$(SDKROOT)/Developer/Library/Frameworks",
					"$(inherited)",
				);
				INFOPLIST_FILE = UNATCappTests/Info.plist;
				LD_RUNPATH_SEARCH_PATHS = "$(inherited) @executable_path/Frameworks @loader_path/Frameworks";
				PRODUCT_NAME = "$(TARGET_NAME)";
				TEST_HOST = "$(BUILT_PRODUCTS_DIR)/UNATCapp.app/UNATCapp";
			};
			name = Release;
		};
/* End XCBuildConfiguration section */

/* Begin XCConfigurationList section */
		58E0C22E1A84F5A300C5114D /* Build configuration list for PBXProject "UNATCapp" */ = {
			isa = XCConfigurationList;
			buildConfigurations = (
				58E0C2501A84F5A300C5114D /* Debug */,
				58E0C2511A84F5A300C5114D /* Release */,
			);
			defaultConfigurationIsVisible = 0;
			defaultConfigurationName = Release;
		};
		58E0C2521A84F5A300C5114D /* Build configuration list for PBXNativeTarget "UNATCapp" */ = {
			isa = XCConfigurationList;
			buildConfigurations = (
				58E0C2531A84F5A300C5114D /* Debug */,
				58E0C2541A84F5A300C5114D /* Release */,
			);
			defaultConfigurationIsVisible = 0;
			defaultConfigurationName = Release;
		};
		58E0C2551A84F5A300C5114D /* Build configuration list for PBXNativeTarget "UNATCappTests" */ = {
			isa = XCConfigurationList;
			buildConfigurations = (
				58E0C2561A84F5A300C5114D /* Debug */,
				58E0C2571A84F5A300C5114D /* Release */,
			);
			defaultConfigurationIsVisible = 0;
			defaultConfigurationName = Release;
		};
/* End XCConfigurationList section */
	};
	rootObject = 58E0C22B1A84F5A300C5114D /* Project object */;
}
